// !$*UTF8*$!
{
	archiveVersion = 1;
	classes = {
	};
	objectVersion = 55;
	objects = {

/* Begin PBXBuildFile section */
		324D9B3928703CF10098791A /* AppDelegate.swift in Sources */ = {isa = PBXBuildFile; fileRef = 324D9B3828703CF10098791A /* AppDelegate.swift */; };
		324D9B3B28703CF10098791A /* SceneDelegate.swift in Sources */ = {isa = PBXBuildFile; fileRef = 324D9B3A28703CF10098791A /* SceneDelegate.swift */; };
		324D9B3D28703CF10098791A /* ViewController.swift in Sources */ = {isa = PBXBuildFile; fileRef = 324D9B3C28703CF10098791A /* ViewController.swift */; };
		324D9B4028703CF10098791A /* Main.storyboard in Resources */ = {isa = PBXBuildFile; fileRef = 324D9B3E28703CF10098791A /* Main.storyboard */; };
		324D9B4228703CF30098791A /* Assets.xcassets in Resources */ = {isa = PBXBuildFile; fileRef = 324D9B4128703CF30098791A /* Assets.xcassets */; };
		324D9B4528703CF30098791A /* LaunchScreen.storyboard in Resources */ = {isa = PBXBuildFile; fileRef = 324D9B4328703CF30098791A /* LaunchScreen.storyboard */; };
		324D9B5028703CF30098791A /* CameraFilterTests.swift in Sources */ = {isa = PBXBuildFile; fileRef = 324D9B4F28703CF30098791A /* CameraFilterTests.swift */; };
		324D9B5A28703CF30098791A /* CameraFilterUITests.swift in Sources */ = {isa = PBXBuildFile; fileRef = 324D9B5928703CF30098791A /* CameraFilterUITests.swift */; };
		324D9B5C28703CF30098791A /* CameraFilterUITestsLaunchTests.swift in Sources */ = {isa = PBXBuildFile; fileRef = 324D9B5B28703CF30098791A /* CameraFilterUITestsLaunchTests.swift */; };
/* End PBXBuildFile section */

/* Begin PBXContainerItemProxy section */
		324D9B4C28703CF30098791A /* PBXContainerItemProxy */ = {
			isa = PBXContainerItemProxy;
			containerPortal = 324D9B2D28703CF10098791A /* Project object */;
			proxyType = 1;
			remoteGlobalIDString = 324D9B3428703CF10098791A;
			remoteInfo = CameraFilter;
		};
		324D9B5628703CF30098791A /* PBXContainerItemProxy */ = {
			isa = PBXContainerItemProxy;
			containerPortal = 324D9B2D28703CF10098791A /* Project object */;
			proxyType = 1;
			remoteGlobalIDString = 324D9B3428703CF10098791A;
			remoteInfo = CameraFilter;
		};
/* End PBXContainerItemProxy section */

/* Begin PBXFileReference section */
		324D9B3528703CF10098791A /* CameraFilter.app */ = {isa = PBXFileReference; explicitFileType = wrapper.application; includeInIndex = 0; path = CameraFilter.app; sourceTree = BUILT_PRODUCTS_DIR; };
		324D9B3828703CF10098791A /* AppDelegate.swift */ = {isa = PBXFileReference; lastKnownFileType = sourcecode.swift; path = AppDelegate.swift; sourceTree = "<group>"; };
		324D9B3A28703CF10098791A /* SceneDelegate.swift */ = {isa = PBXFileReference; lastKnownFileType = sourcecode.swift; path = SceneDelegate.swift; sourceTree = "<group>"; };
		324D9B3C28703CF10098791A /* ViewController.swift */ = {isa = PBXFileReference; lastKnownFileType = sourcecode.swift; path = ViewController.swift; sourceTree = "<group>"; };
		324D9B3F28703CF10098791A /* Base */ = {isa = PBXFileReference; lastKnownFileType = file.storyboard; name = Base; path = Base.lproj/Main.storyboard; sourceTree = "<group>"; };
		324D9B4128703CF30098791A /* Assets.xcassets */ = {isa = PBXFileReference; lastKnownFileType = folder.assetcatalog; path = Assets.xcassets; sourceTree = "<group>"; };
		324D9B4428703CF30098791A /* Base */ = {isa = PBXFileReference; lastKnownFileType = file.storyboard; name = Base; path = Base.lproj/LaunchScreen.storyboard; sourceTree = "<group>"; };
		324D9B4628703CF30098791A /* Info.plist */ = {isa = PBXFileReference; lastKnownFileType = text.plist.xml; path = Info.plist; sourceTree = "<group>"; };
		324D9B4B28703CF30098791A /* CameraFilterTests.xctest */ = {isa = PBXFileReference; explicitFileType = wrapper.cfbundle; includeInIndex = 0; path = CameraFilterTests.xctest; sourceTree = BUILT_PRODUCTS_DIR; };
		324D9B4F28703CF30098791A /* CameraFilterTests.swift */ = {isa = PBXFileReference; lastKnownFileType = sourcecode.swift; path = CameraFilterTests.swift; sourceTree = "<group>"; };
		324D9B5528703CF30098791A /* CameraFilterUITests.xctest */ = {isa = PBXFileReference; explicitFileType = wrapper.cfbundle; includeInIndex = 0; path = CameraFilterUITests.xctest; sourceTree = BUILT_PRODUCTS_DIR; };
		324D9B5928703CF30098791A /* CameraFilterUITests.swift */ = {isa = PBXFileReference; lastKnownFileType = sourcecode.swift; path = CameraFilterUITests.swift; sourceTree = "<group>"; };
		324D9B5B28703CF30098791A /* CameraFilterUITestsLaunchTests.swift */ = {isa = PBXFileReference; lastKnownFileType = sourcecode.swift; path = CameraFilterUITestsLaunchTests.swift; sourceTree = "<group>"; };
/* End PBXFileReference section */

/* Begin PBXFrameworksBuildPhase section */
		324D9B3228703CF10098791A /* Frameworks */ = {
			isa = PBXFrameworksBuildPhase;
			buildActionMask = 2147483647;
			files = (
			);
			runOnlyForDeploymentPostprocessing = 0;
		};
		324D9B4828703CF30098791A /* Frameworks */ = {
			isa = PBXFrameworksBuildPhase;
			buildActionMask = 2147483647;
			files = (
			);
			runOnlyForDeploymentPostprocessing = 0;
		};
		324D9B5228703CF30098791A /* Frameworks */ = {
			isa = PBXFrameworksBuildPhase;
			buildActionMask = 2147483647;
			files = (
			);
			runOnlyForDeploymentPostprocessing = 0;
		};
/* End PBXFrameworksBuildPhase section */

/* Begin PBXGroup section */
		324D9B2C28703CF10098791A = {
			isa = PBXGroup;
			children = (
				324D9B3728703CF10098791A /* CameraFilter */,
				324D9B4E28703CF30098791A /* CameraFilterTests */,
				324D9B5828703CF30098791A /* CameraFilterUITests */,
				324D9B3628703CF10098791A /* Products */,
			);
			sourceTree = "<group>";
		};
		324D9B3628703CF10098791A /* Products */ = {
			isa = PBXGroup;
			children = (
				324D9B3528703CF10098791A /* CameraFilter.app */,
				324D9B4B28703CF30098791A /* CameraFilterTests.xctest */,
				324D9B5528703CF30098791A /* CameraFilterUITests.xctest */,
			);
			name = Products;
			sourceTree = "<group>";
		};
		324D9B3728703CF10098791A /* CameraFilter */ = {
			isa = PBXGroup;
			children = (
				324D9B3828703CF10098791A /* AppDelegate.swift */,
				324D9B3A28703CF10098791A /* SceneDelegate.swift */,
				324D9B3C28703CF10098791A /* ViewController.swift */,
				324D9B3E28703CF10098791A /* Main.storyboard */,
				324D9B4128703CF30098791A /* Assets.xcassets */,
				324D9B4328703CF30098791A /* LaunchScreen.storyboard */,
				324D9B4628703CF30098791A /* Info.plist */,
			);
			path = CameraFilter;
			sourceTree = "<group>";
		};
		324D9B4E28703CF30098791A /* CameraFilterTests */ = {
			isa = PBXGroup;
			children = (
				324D9B4F28703CF30098791A /* CameraFilterTests.swift */,
			);
			path = CameraFilterTests;
			sourceTree = "<group>";
		};
		324D9B5828703CF30098791A /* CameraFilterUITests */ = {
			isa = PBXGroup;
			children = (
				324D9B5928703CF30098791A /* CameraFilterUITests.swift */,
				324D9B5B28703CF30098791A /* CameraFilterUITestsLaunchTests.swift */,
			);
			path = CameraFilterUITests;
			sourceTree = "<group>";
		};
/* End PBXGroup section */

/* Begin PBXNativeTarget section */
		324D9B3428703CF10098791A /* CameraFilter */ = {
			isa = PBXNativeTarget;
			buildConfigurationList = 324D9B5F28703CF30098791A /* Build configuration list for PBXNativeTarget "CameraFilter" */;
			buildPhases = (
				324D9B3128703CF10098791A /* Sources */,
				324D9B3228703CF10098791A /* Frameworks */,
				324D9B3328703CF10098791A /* Resources */,
			);
			buildRules = (
			);
			dependencies = (
			);
			name = CameraFilter;
			productName = CameraFilter;
			productReference = 324D9B3528703CF10098791A /* CameraFilter.app */;
			productType = "com.apple.product-type.application";
		};
		324D9B4A28703CF30098791A /* CameraFilterTests */ = {
			isa = PBXNativeTarget;
			buildConfigurationList = 324D9B6228703CF30098791A /* Build configuration list for PBXNativeTarget "CameraFilterTests" */;
			buildPhases = (
				324D9B4728703CF30098791A /* Sources */,
				324D9B4828703CF30098791A /* Frameworks */,
				324D9B4928703CF30098791A /* Resources */,
			);
			buildRules = (
			);
			dependencies = (
				324D9B4D28703CF30098791A /* PBXTargetDependency */,
			);
			name = CameraFilterTests;
			productName = CameraFilterTests;
			productReference = 324D9B4B28703CF30098791A /* CameraFilterTests.xctest */;
			productType = "com.apple.product-type.bundle.unit-test";
		};
		324D9B5428703CF30098791A /* CameraFilterUITests */ = {
			isa = PBXNativeTarget;
			buildConfigurationList = 324D9B6528703CF30098791A /* Build configuration list for PBXNativeTarget "CameraFilterUITests" */;
			buildPhases = (
				324D9B5128703CF30098791A /* Sources */,
				324D9B5228703CF30098791A /* Frameworks */,
				324D9B5328703CF30098791A /* Resources */,
			);
			buildRules = (
			);
			dependencies = (
				324D9B5728703CF30098791A /* PBXTargetDependency */,
			);
			name = CameraFilterUITests;
			productName = CameraFilterUITests;
			productReference = 324D9B5528703CF30098791A /* CameraFilterUITests.xctest */;
			productType = "com.apple.product-type.bundle.ui-testing";
		};
/* End PBXNativeTarget section */

/* Begin PBXProject section */
		324D9B2D28703CF10098791A /* Project object */ = {
			isa = PBXProject;
			attributes = {
				BuildIndependentTargetsInParallel = 1;
				LastSwiftUpdateCheck = 1340;
				LastUpgradeCheck = 1340;
				TargetAttributes = {
					324D9B3428703CF10098791A = {
						CreatedOnToolsVersion = 13.4;
					};
					324D9B4A28703CF30098791A = {
						CreatedOnToolsVersion = 13.4;
						TestTargetID = 324D9B3428703CF10098791A;
					};
					324D9B5428703CF30098791A = {
						CreatedOnToolsVersion = 13.4;
						TestTargetID = 324D9B3428703CF10098791A;
					};
				};
			};
			buildConfigurationList = 324D9B3028703CF10098791A /* Build configuration list for PBXProject "CameraFilter" */;
			compatibilityVersion = "Xcode 13.0";
			developmentRegion = en;
			hasScannedForEncodings = 0;
			knownRegions = (
				en,
				Base,
			);
			mainGroup = 324D9B2C28703CF10098791A;
			productRefGroup = 324D9B3628703CF10098791A /* Products */;
			projectDirPath = "";
			projectRoot = "";
			targets = (
				324D9B3428703CF10098791A /* CameraFilter */,
				324D9B4A28703CF30098791A /* CameraFilterTests */,
				324D9B5428703CF30098791A /* CameraFilterUITests */,
			);
		};
/* End PBXProject section */

/* Begin PBXResourcesBuildPhase section */
		324D9B3328703CF10098791A /* Resources */ = {
			isa = PBXResourcesBuildPhase;
			buildActionMask = 2147483647;
			files = (
				324D9B4528703CF30098791A /* LaunchScreen.storyboard in Resources */,
				324D9B4228703CF30098791A /* Assets.xcassets in Resources */,
				324D9B4028703CF10098791A /* Main.storyboard in Resources */,
			);
			runOnlyForDeploymentPostprocessing = 0;
		};
		324D9B4928703CF30098791A /* Resources */ = {
			isa = PBXResourcesBuildPhase;
			buildActionMask = 2147483647;
			files = (
			);
			runOnlyForDeploymentPostprocessing = 0;
		};
		324D9B5328703CF30098791A /* Resources */ = {
			isa = PBXResourcesBuildPhase;
			buildActionMask = 2147483647;
			files = (
			);
			runOnlyForDeploymentPostprocessing = 0;
		};
/* End PBXResourcesBuildPhase section */

/* Begin PBXSourcesBuildPhase section */
		324D9B3128703CF10098791A /* Sources */ = {
			isa = PBXSourcesBuildPhase;
			buildActionMask = 2147483647;
			files = (
				324D9B3D28703CF10098791A /* ViewController.swift in Sources */,
				324D9B3928703CF10098791A /* AppDelegate.swift in Sources */,
				324D9B3B28703CF10098791A /* SceneDelegate.swift in Sources */,
			);
			runOnlyForDeploymentPostprocessing = 0;
		};
		324D9B4728703CF30098791A /* Sources */ = {
			isa = PBXSourcesBuildPhase;
			buildActionMask = 2147483647;
			files = (
				324D9B5028703CF30098791A /* CameraFilterTests.swift in Sources */,
			);
			runOnlyForDeploymentPostprocessing = 0;
		};
		324D9B5128703CF30098791A /* Sources */ = {
			isa = PBXSourcesBuildPhase;
			buildActionMask = 2147483647;
			files = (
				324D9B5A28703CF30098791A /* CameraFilterUITests.swift in Sources */,
				324D9B5C28703CF30098791A /* CameraFilterUITestsLaunchTests.swift in Sources */,
			);
			runOnlyForDeploymentPostprocessing = 0;
		};
/* End PBXSourcesBuildPhase section */

/* Begin PBXTargetDependency section */
		324D9B4D28703CF30098791A /* PBXTargetDependency */ = {
			isa = PBXTargetDependency;
			target = 324D9B3428703CF10098791A /* CameraFilter */;
			targetProxy = 324D9B4C28703CF30098791A /* PBXContainerItemProxy */;
		};
		324D9B5728703CF30098791A /* PBXTargetDependency */ = {
			isa = PBXTargetDependency;
			target = 324D9B3428703CF10098791A /* CameraFilter */;
			targetProxy = 324D9B5628703CF30098791A /* PBXContainerItemProxy */;
		};
/* End PBXTargetDependency section */

/* Begin PBXVariantGroup section */
		324D9B3E28703CF10098791A /* Main.storyboard */ = {
			isa = PBXVariantGroup;
			children = (
				324D9B3F28703CF10098791A /* Base */,
			);
			name = Main.storyboard;
			sourceTree = "<group>";
		};
		324D9B4328703CF30098791A /* LaunchScreen.storyboard */ = {
			isa = PBXVariantGroup;
			children = (
				324D9B4428703CF30098791A /* Base */,
			);
			name = LaunchScreen.storyboard;
			sourceTree = "<group>";
		};
/* End PBXVariantGroup section */

/* Begin XCBuildConfiguration section */
		324D9B5D28703CF30098791A /* Debug */ = {
			isa = XCBuildConfiguration;
			buildSettings = {
				ALWAYS_SEARCH_USER_PATHS = NO;
				CLANG_ANALYZER_NONNULL = YES;
				CLANG_ANALYZER_NUMBER_OBJECT_CONVERSION = YES_AGGRESSIVE;
				CLANG_CXX_LANGUAGE_STANDARD = "gnu++17";
				CLANG_ENABLE_MODULES = YES;
				CLANG_ENABLE_OBJC_ARC = YES;
				CLANG_ENABLE_OBJC_WEAK = YES;
				CLANG_WARN_BLOCK_CAPTURE_AUTORELEASING = YES;
				CLANG_WARN_BOOL_CONVERSION = YES;
				CLANG_WARN_COMMA = YES;
				CLANG_WARN_CONSTANT_CONVERSION = YES;
				CLANG_WARN_DEPRECATED_OBJC_IMPLEMENTATIONS = YES;
				CLANG_WARN_DIRECT_OBJC_ISA_USAGE = YES_ERROR;
				CLANG_WARN_DOCUMENTATION_COMMENTS = YES;
				CLANG_WARN_EMPTY_BODY = YES;
				CLANG_WARN_ENUM_CONVERSION = YES;
				CLANG_WARN_INFINITE_RECURSION = YES;
				CLANG_WARN_INT_CONVERSION = YES;
				CLANG_WARN_NON_LITERAL_NULL_CONVERSION = YES;
				CLANG_WARN_OBJC_IMPLICIT_RETAIN_SELF = YES;
				CLANG_WARN_OBJC_LITERAL_CONVERSION = YES;
				CLANG_WARN_OBJC_ROOT_CLASS = YES_ERROR;
				CLANG_WARN_QUOTED_INCLUDE_IN_FRAMEWORK_HEADER = YES;
				CLANG_WARN_RANGE_LOOP_ANALYSIS = YES;
				CLANG_WARN_STRICT_PROTOTYPES = YES;
				CLANG_WARN_SUSPICIOUS_MOVE = YES;
				CLANG_WARN_UNGUARDED_AVAILABILITY = YES_AGGRESSIVE;
				CLANG_WARN_UNREACHABLE_CODE = YES;
				CLANG_WARN__DUPLICATE_METHOD_MATCH = YES;
				COPY_PHASE_STRIP = NO;
				DEBUG_INFORMATION_FORMAT = dwarf;
				ENABLE_STRICT_OBJC_MSGSEND = YES;
				ENABLE_TESTABILITY = YES;
				GCC_C_LANGUAGE_STANDARD = gnu11;
				GCC_DYNAMIC_NO_PIC = NO;
				GCC_NO_COMMON_BLOCKS = YES;
				GCC_OPTIMIZATION_LEVEL = 0;
				GCC_PREPROCESSOR_DEFINITIONS = (
					"DEBUG=1",
					"$(inherited)",
				);
				GCC_WARN_64_TO_32_BIT_CONVERSION = YES;
				GCC_WARN_ABOUT_RETURN_TYPE = YES_ERROR;
				GCC_WARN_UNDECLARED_SELECTOR = YES;
				GCC_WARN_UNINITIALIZED_AUTOS = YES_AGGRESSIVE;
				GCC_WARN_UNUSED_FUNCTION = YES;
				GCC_WARN_UNUSED_VARIABLE = YES;
				IPHONEOS_DEPLOYMENT_TARGET = 15.5;
				MTL_ENABLE_DEBUG_INFO = INCLUDE_SOURCE;
				MTL_FAST_MATH = YES;
				ONLY_ACTIVE_ARCH = YES;
				SDKROOT = iphoneos;
				SWIFT_ACTIVE_COMPILATION_CONDITIONS = DEBUG;
				SWIFT_OPTIMIZATION_LEVEL = "-Onone";
			};
			name = Debug;
		};
		324D9B5E28703CF30098791A /* Release */ = {
			isa = XCBuildConfiguration;
			buildSettings = {
				ALWAYS_SEARCH_USER_PATHS = NO;
				CLANG_ANALYZER_NONNULL = YES;
				CLANG_ANALYZER_NUMBER_OBJECT_CONVERSION = YES_AGGRESSIVE;
				CLANG_CXX_LANGUAGE_STANDARD = "gnu++17";
				CLANG_ENABLE_MODULES = YES;
				CLANG_ENABLE_OBJC_ARC = YES;
				CLANG_ENABLE_OBJC_WEAK = YES;
				CLANG_WARN_BLOCK_CAPTURE_AUTORELEASING = YES;
				CLANG_WARN_BOOL_CONVERSION = YES;
				CLANG_WARN_COMMA = YES;
				CLANG_WARN_CONSTANT_CONVERSION = YES;
				CLANG_WARN_DEPRECATED_OBJC_IMPLEMENTATIONS = YES;
				CLANG_WARN_DIRECT_OBJC_ISA_USAGE = YES_ERROR;
				CLANG_WARN_DOCUMENTATION_COMMENTS = YES;
				CLANG_WARN_EMPTY_BODY = YES;
				CLANG_WARN_ENUM_CONVERSION = YES;
				CLANG_WARN_INFINITE_RECURSION = YES;
				CLANG_WARN_INT_CONVERSION = YES;
				CLANG_WARN_NON_LITERAL_NULL_CONVERSION = YES;
				CLANG_WARN_OBJC_IMPLICIT_RETAIN_SELF = YES;
				CLANG_WARN_OBJC_LITERAL_CONVERSION = YES;
				CLANG_WARN_OBJC_ROOT_CLASS = YES_ERROR;
				CLANG_WARN_QUOTED_INCLUDE_IN_FRAMEWORK_HEADER = YES;
				CLANG_WARN_RANGE_LOOP_ANALYSIS = YES;
				CLANG_WARN_STRICT_PROTOTYPES = YES;
				CLANG_WARN_SUSPICIOUS_MOVE = YES;
				CLANG_WARN_UNGUARDED_AVAILABILITY = YES_AGGRESSIVE;
				CLANG_WARN_UNREACHABLE_CODE = YES;
				CLANG_WARN__DUPLICATE_METHOD_MATCH = YES;
				COPY_PHASE_STRIP = NO;
				DEBUG_INFORMATION_FORMAT = "dwarf-with-dsym";
				ENABLE_NS_ASSERTIONS = NO;
				ENABLE_STRICT_OBJC_MSGSEND = YES;
				GCC_C_LANGUAGE_STANDARD = gnu11;
				GCC_NO_COMMON_BLOCKS = YES;
				GCC_WARN_64_TO_32_BIT_CONVERSION = YES;
				GCC_WARN_ABOUT_RETURN_TYPE = YES_ERROR;
				GCC_WARN_UNDECLARED_SELECTOR = YES;
				GCC_WARN_UNINITIALIZED_AUTOS = YES_AGGRESSIVE;
				GCC_WARN_UNUSED_FUNCTION = YES;
				GCC_WARN_UNUSED_VARIABLE = YES;
				IPHONEOS_DEPLOYMENT_TARGET = 15.5;
				MTL_ENABLE_DEBUG_INFO = NO;
				MTL_FAST_MATH = YES;
				SDKROOT = iphoneos;
				SWIFT_COMPILATION_MODE = wholemodule;
				SWIFT_OPTIMIZATION_LEVEL = "-O";
				VALIDATE_PRODUCT = YES;
			};
			name = Release;
		};
		324D9B6028703CF30098791A /* Debug */ = {
			isa = XCBuildConfiguration;
			buildSettings = {
				ASSETCATALOG_COMPILER_APPICON_NAME = AppIcon;
				ASSETCATALOG_COMPILER_GLOBAL_ACCENT_COLOR_NAME = AccentColor;
				CODE_SIGN_STYLE = Automatic;
				CURRENT_PROJECT_VERSION = 1;
				DEVELOPMENT_TEAM = H4BFHZ8NY6;
				GENERATE_INFOPLIST_FILE = YES;
				INFOPLIST_FILE = CameraFilter/Info.plist;
				INFOPLIST_KEY_NSCameraUsageDescription = "This app requires the use of a camera";
				INFOPLIST_KEY_NSMicrophoneUsageDescription = "This app requires use of a mic";
				INFOPLIST_KEY_UIApplicationSupportsIndirectInputEvents = YES;
				INFOPLIST_KEY_UILaunchStoryboardName = LaunchScreen;
				INFOPLIST_KEY_UIMainStoryboardFile = Main;
				INFOPLIST_KEY_UISupportedInterfaceOrientations_iPad = "UIInterfaceOrientationPortrait UIInterfaceOrientationPortraitUpsideDown UIInterfaceOrientationLandscapeLeft UIInterfaceOrientationLandscapeRight";
				INFOPLIST_KEY_UISupportedInterfaceOrientations_iPhone = "UIInterfaceOrientationPortrait UIInterfaceOrientationLandscapeLeft UIInterfaceOrientationLandscapeRight";
				LD_RUNPATH_SEARCH_PATHS = (
					"$(inherited)",
					"@executable_path/Frameworks",
				);
				MARKETING_VERSION = 1.0;
				PRODUCT_BUNDLE_IDENTIFIER = "Rohit-Sonawane.CameraFilter";
				PRODUCT_NAME = "$(TARGET_NAME)";
				SWIFT_EMIT_LOC_STRINGS = YES;
				SWIFT_VERSION = 5.0;
				TARGETED_DEVICE_FAMILY = "1,2";
			};
			name = Debug;
		};
		324D9B6128703CF30098791A /* Release */ = {
			isa = XCBuildConfiguration;
			buildSettings = {
				ASSETCATALOG_COMPILER_APPICON_NAME = AppIcon;
				ASSETCATALOG_COMPILER_GLOBAL_ACCENT_COLOR_NAME = AccentColor;
				CODE_SIGN_STYLE = Automatic;
				CURRENT_PROJECT_VERSION = 1;
				DEVELOPMENT_TEAM = H4BFHZ8NY6;
				GENERATE_INFOPLIST_FILE = YES;
				INFOPLIST_FILE = CameraFilter/Info.plist;
				INFOPLIST_KEY_NSCameraUsageDescription = "This app requires the use of a camera";
				INFOPLIST_KEY_NSMicrophoneUsageDescription = "This app requires use of a mic";
				INFOPLIST_KEY_UIApplicationSupportsIndirectInputEvents = YES;
				INFOPLIST_KEY_UILaunchStoryboardName = LaunchScreen;
				INFOPLIST_KEY_UIMainStoryboardFile = Main;
				INFOPLIST_KEY_UISupportedInterfaceOrientations_iPad = "UIInterfaceOrientationPortrait UIInterfaceOrientationPortraitUpsideDown UIInterfaceOrientationLandscapeLeft UIInterfaceOrientationLandscapeRight";
				INFOPLIST_KEY_UISupportedInterfaceOrientations_iPhone = "UIInterfaceOrientationPortrait UIInterfaceOrientationLandscapeLeft UIInterfaceOrientationLandscapeRight";
				LD_RUNPATH_SEARCH_PATHS = (
					"$(inherited)",
					"@executable_path/Frameworks",
				);
				MARKETING_VERSION = 1.0;
				PRODUCT_BUNDLE_IDENTIFIER = "Rohit-Sonawane.CameraFilter";
				PRODUCT_NAME = "$(TARGET_NAME)";
				SWIFT_EMIT_LOC_STRINGS = YES;
				SWIFT_VERSION = 5.0;
				TARGETED_DEVICE_FAMILY = "1,2";
			};
			name = Release;
		};
		324D9B6328703CF30098791A /* Debug */ = {
			isa = XCBuildConfiguration;
			buildSettings = {
				ALWAYS_EMBED_SWIFT_STANDARD_LIBRARIES = YES;
				BUNDLE_LOADER = "$(TEST_HOST)";
				CODE_SIGN_STYLE = Automatic;
				CURRENT_PROJECT_VERSION = 1;
				DEVELOPMENT_TEAM = H4BFHZ8NY6;
				GENERATE_INFOPLIST_FILE = YES;
				IPHONEOS_DEPLOYMENT_TARGET = 15.5;
				MARKETING_VERSION = 1.0;
				PRODUCT_BUNDLE_IDENTIFIER = "Rohit-Sonawane.CameraFilterTests";
				PRODUCT_NAME = "$(TARGET_NAME)";
				SWIFT_EMIT_LOC_STRINGS = NO;
				SWIFT_VERSION = 5.0;
				TARGETED_DEVICE_FAMILY = "1,2";
				TEST_HOST = "$(BUILT_PRODUCTS_DIR)/CameraFilter.app/CameraFilter";
			};
			name = Debug;
		};
		324D9B6428703CF30098791A /* Release */ = {
			isa = XCBuildConfiguration;
			buildSettings = {
				ALWAYS_EMBED_SWIFT_STANDARD_LIBRARIES = YES;
				BUNDLE_LOADER = "$(TEST_HOST)";
				CODE_SIGN_STYLE = Automatic;
				CURRENT_PROJECT_VERSION = 1;
				DEVELOPMENT_TEAM = H4BFHZ8NY6;
				GENERATE_INFOPLIST_FILE = YES;
				IPHONEOS_DEPLOYMENT_TARGET = 15.5;
				MARKETING_VERSION = 1.0;
				PRODUCT_BUNDLE_IDENTIFIER = "Rohit-Sonawane.CameraFilterTests";
				PRODUCT_NAME = "$(TARGET_NAME)";
				SWIFT_EMIT_LOC_STRINGS = NO;
				SWIFT_VERSION = 5.0;
				TARGETED_DEVICE_FAMILY = "1,2";
				TEST_HOST = "$(BUILT_PRODUCTS_DIR)/CameraFilter.app/CameraFilter";
			};
			name = Release;
		};
		324D9B6628703CF30098791A /* Debug */ = {
			isa = XCBuildConfiguration;
			buildSettings = {
				ALWAYS_EMBED_SWIFT_STANDARD_LIBRARIES = YES;
				CODE_SIGN_STYLE = Automatic;
				CURRENT_PROJECT_VERSION = 1;
				DEVELOPMENT_TEAM = H4BFHZ8NY6;
				GENERATE_INFOPLIST_FILE = YES;
				MARKETING_VERSION = 1.0;
				PRODUCT_BUNDLE_IDENTIFIER = "Rohit-Sonawane.CameraFilterUITests";
				PRODUCT_NAME = "$(TARGET_NAME)";
				SWIFT_EMIT_LOC_STRINGS = NO;
				SWIFT_VERSION = 5.0;
				TARGETED_DEVICE_FAMILY = "1,2";
				TEST_TARGET_NAME = CameraFilter;
			};
			name = Debug;
		};
		324D9B6728703CF30098791A /* Release */ = {
			isa = XCBuildConfiguration;
			buildSettings = {
				ALWAYS_EMBED_SWIFT_STANDARD_LIBRARIES = YES;
				CODE_SIGN_STYLE = Automatic;
				CURRENT_PROJECT_VERSION = 1;
				DEVELOPMENT_TEAM = H4BFHZ8NY6;
				GENERATE_INFOPLIST_FILE = YES;
				MARKETING_VERSION = 1.0;
				PRODUCT_BUNDLE_IDENTIFIER = "Rohit-Sonawane.CameraFilterUITests";
				PRODUCT_NAME = "$(TARGET_NAME)";
				SWIFT_EMIT_LOC_STRINGS = NO;
				SWIFT_VERSION = 5.0;
				TARGETED_DEVICE_FAMILY = "1,2";
				TEST_TARGET_NAME = CameraFilter;
			};
			name = Release;
		};
/* End XCBuildConfiguration section */

/* Begin XCConfigurationList section */
		324D9B3028703CF10098791A /* Build configuration list for PBXProject "CameraFilter" */ = {
			isa = XCConfigurationList;
			buildConfigurations = (
				324D9B5D28703CF30098791A /* Debug */,
				324D9B5E28703CF30098791A /* Release */,
			);
			defaultConfigurationIsVisible = 0;
			defaultConfigurationName = Release;
		};
		324D9B5F28703CF30098791A /* Build configuration list for PBXNativeTarget "CameraFilter" */ = {
			isa = XCConfigurationList;
			buildConfigurations = (
				324D9B6028703CF30098791A /* Debug */,
				324D9B6128703CF30098791A /* Release */,
			);
			defaultConfigurationIsVisible = 0;
			defaultConfigurationName = Release;
		};
		324D9B6228703CF30098791A /* Build configuration list for PBXNativeTarget "CameraFilterTests" */ = {
			isa = XCConfigurationList;
			buildConfigurations = (
				324D9B6328703CF30098791A /* Debug */,
				324D9B6428703CF30098791A /* Release */,
			);
			defaultConfigurationIsVisible = 0;
			defaultConfigurationName = Release;
		};
		324D9B6528703CF30098791A /* Build configuration list for PBXNativeTarget "CameraFilterUITests" */ = {
			isa = XCConfigurationList;
			buildConfigurations = (
				324D9B6628703CF30098791A /* Debug */,
				324D9B6728703CF30098791A /* Release */,
			);
			defaultConfigurationIsVisible = 0;
			defaultConfigurationName = Release;
		};
/* End XCConfigurationList section */
	};
	rootObject = 324D9B2D28703CF10098791A /* Project object */;
}
